
Microsoft Visual Studio Solution File, Format Version 12.00
# Visual Studio Version 17
VisualStudioVersion = 17.4.33205.214
MinimumVisualStudioVersion = 10.0.40219.1
Project("{8BC9CEB8-8B4A-11D0-8D11-00A0C91BC942}") = "GTA External Tools", "GTA External Tools.vcxproj", "{D54EF61C-AA2E-40E4-8D3E-2B372ED6C405}"
EndProject
Global
	GlobalSection(SolutionConfigurationPlatforms) = preSolution
		Debug|x64 = Debug|x64
		Release|x64 = Release|x64
	EndGlobalSection
	GlobalSection(ProjectConfigurationPlatforms) = postSolution
		{D54EF61C-AA2E-40E4-8D3E-2B372ED6C405}.Debug|x64.ActiveCfg = Debug|x64
		{D54EF61C-AA2E-40E4-8D3E-2B372ED6C405}.Debug|x64.Build.0 = Debug|x64
		{D54EF61C-AA2E-40E4-8D3E-2B372ED6C405}.Release|x64.ActiveCfg = Release|x64
		{D54EF61C-AA2E-40E4-8D3E-2B372ED6C405}.Release|x64.Build.0 = Release|x64
	EndGlobalSection
	GlobalSection(SolutionProperties) = preSolution
		HideSolutionNode = FALSE
	EndGlobalSection
	GlobalSection(ExtensibilityGlobals) = postSolution
		SolutionGuid = {197C0EC6-2B27-4DC8-B340-65F34D39B201}
	EndGlobalSection
EndGlobal
